<Solution>
  <Project Path="client/client.csproj" />
  <Folder Name="/src/">
    <Project Path="src/BehavioralAnticheatEngine.Application/BehavioralAnticheatEngine.Application.csproj" />
    <Project Path="src/BehavioralAnticheatEngine.Api/BehavioralAnticheatEngine.Api.csproj" />
    <Project Path="src/BehavioralAnticheatEngine.AppHost/BehavioralAnticheatEngine.AppHost.csproj" />
    <Project Path="src/BehavioralAnticheatEngine.Worker/BehavioralAnticheatEngine.Worker.csproj" />
    <Project Path="src/BehavioralAnticheatEngine.Domain/BehavioralAnticheatEngine.Domain.csproj" />
    <Project Path="src/BehavioralAnticheatEngine.Infrastructure/BehavioralAnticheatEngine.Infrastructure.csproj" />
  </Folder>
</Solution>
